
Microsoft Visual Studio Solution File, Format Version 12.00
# Visual Studio Version 17
VisualStudioVersion = 17.14.36301.6
MinimumVisualStudioVersion = 10.0.40219.1
Project("{FAE04EC0-301F-11D3-BF4B-00C04F79EFBC}") = "Dealio.Domain", "Dealio.Domain\Dealio.Domain.csproj", "{68D2CD2B-D328-4F47-8106-701BFABE8BCF}"
EndProject
Project("{FAE04EC0-301F-11D3-BF4B-00C04F79EFBC}") = "Dealio.Infrastructure", "Dealio.Infrastructure\Dealio.Infrastructure.csproj", "{DC9D6698-F994-4C84-91AC-77F430AEE8AE}"
EndProject
Project("{FAE04EC0-301F-11D3-BF4B-00C04F79EFBC}") = "Dealio.Services", "Dealio.Services\Dealio.Services.csproj", "{11A8BCBC-A22C-4AC9-9ABB-E95AC672081D}"
EndProject
Project("{FAE04EC0-301F-11D3-BF4B-00C04F79EFBC}") = "Dealio.Core", "Dealio.Core\Dealio.Core.csproj", "{B26640B1-814B-4B74-A015-AA7F24E08085}"
EndProject
Project("{FAE04EC0-301F-11D3-BF4B-00C04F79EFBC}") = "Dealio.API", "Dealio.API\Dealio.API.csproj", "{34E1E5AA-6EDD-4C55-B175-50E659E26DEB}"
EndProject
Global
	GlobalSection(SolutionConfigurationPlatforms) = preSolution
		Debug|Any CPU = Debug|Any CPU
		Release|Any CPU = Release|Any CPU
	EndGlobalSection
	GlobalSection(ProjectConfigurationPlatforms) = postSolution
		{68D2CD2B-D328-4F47-8106-701BFABE8BCF}.Debug|Any CPU.ActiveCfg = Debug|Any CPU
		{68D2CD2B-D328-4F47-8106-701BFABE8BCF}.Debug|Any CPU.Build.0 = Debug|Any CPU
		{68D2CD2B-D328-4F47-8106-701BFABE8BCF}.Release|Any CPU.ActiveCfg = Release|Any CPU
		{68D2CD2B-D328-4F47-8106-701BFABE8BCF}.Release|Any CPU.Build.0 = Release|Any CPU
		{DC9D6698-F994-4C84-91AC-77F430AEE8AE}.Debug|Any CPU.ActiveCfg = Debug|Any CPU
		{DC9D6698-F994-4C84-91AC-77F430AEE8AE}.Debug|Any CPU.Build.0 = Debug|Any CPU
		{DC9D6698-F994-4C84-91AC-77F430AEE8AE}.Release|Any CPU.ActiveCfg = Release|Any CPU
		{DC9D6698-F994-4C84-91AC-77F430AEE8AE}.Release|Any CPU.Build.0 = Release|Any CPU
		{11A8BCBC-A22C-4AC9-9ABB-E95AC672081D}.Debug|Any CPU.ActiveCfg = Debug|Any CPU
		{11A8BCBC-A22C-4AC9-9ABB-E95AC672081D}.Debug|Any CPU.Build.0 = Debug|Any CPU
		{11A8BCBC-A22C-4AC9-9ABB-E95AC672081D}.Release|Any CPU.ActiveCfg = Release|Any CPU
		{11A8BCBC-A22C-4AC9-9ABB-E95AC672081D}.Release|Any CPU.Build.0 = Release|Any CPU
		{B26640B1-814B-4B74-A015-AA7F24E08085}.Debug|Any CPU.ActiveCfg = Debug|Any CPU
		{B26640B1-814B-4B74-A015-AA7F24E08085}.Debug|Any CPU.Build.0 = Debug|Any CPU
		{B26640B1-814B-4B74-A015-AA7F24E08085}.Release|Any CPU.ActiveCfg = Release|Any CPU
		{B26640B1-814B-4B74-A015-AA7F24E08085}.Release|Any CPU.Build.0 = Release|Any CPU
		{34E1E5AA-6EDD-4C55-B175-50E659E26DEB}.Debug|Any CPU.ActiveCfg = Debug|Any CPU
		{34E1E5AA-6EDD-4C55-B175-50E659E26DEB}.Debug|Any CPU.Build.0 = Debug|Any CPU
		{34E1E5AA-6EDD-4C55-B175-50E659E26DEB}.Release|Any CPU.ActiveCfg = Release|Any CPU
		{34E1E5AA-6EDD-4C55-B175-50E659E26DEB}.Release|Any CPU.Build.0 = Release|Any CPU
	EndGlobalSection
	GlobalSection(SolutionProperties) = preSolution
		HideSolutionNode = FALSE
	EndGlobalSection
	GlobalSection(ExtensibilityGlobals) = postSolution
		SolutionGuid = {DFF35CF0-8089-44AD-9DFB-6DCC9B8B4D61}
	EndGlobalSection
EndGlobal
